// !$*UTF8*$!
{
	archiveVersion = 1;
	classes = {
	};
	objectVersion = 56;
	objects = {

/* Begin PBXBuildFile section */
		B95B46852CEE899500F0B96B /* Utility.cpp in Sources */ = {isa = PBXBuildFile; fileRef = B95B46842CEE899000F0B96B /* Utility.cpp */; };
		B95B468A2CEE89E600F0B96B /* Scene.cpp in Sources */ = {isa = PBXBuildFile; fileRef = B95B46892CEE89E400F0B96B /* Scene.cpp */; };
		B95B468D2CEE8A3100F0B96B /* LevelA.cpp in Sources */ = {isa = PBXBuildFile; fileRef = B95B468C2CEE8A2F00F0B96B /* LevelA.cpp */; };
		B95B46902CEE8A4D00F0B96B /* LevelB.cpp in Sources */ = {isa = PBXBuildFile; fileRef = B95B468F2CEE8A4B00F0B96B /* LevelB.cpp */; };
		B95B469D2CEE8DFF00F0B96B /* mario-castle-tileset.png in CopyFiles */ = {isa = PBXBuildFile; fileRef = B95B469A2CEE8DFF00F0B96B /* mario-castle-tileset.png */; };
		B95B469F2CEE8DFF00F0B96B /* lightning.png in CopyFiles */ = {isa = PBXBuildFile; fileRef = B95B469C2CEE8DFF00F0B96B /* lightning.png */; };
		B95B46B92CEFE38A00F0B96B /* LevelC.cpp in Sources */ = {isa = PBXBuildFile; fileRef = B95B46B82CEFE38800F0B96B /* LevelC.cpp */; };
		B95B46BE2CEFE7AA00F0B96B /* Start.cpp in Sources */ = {isa = PBXBuildFile; fileRef = B95B46BD2CEFE7A800F0B96B /* Start.cpp */; };
		B95BD9D52CC2F1D70048D076 /* Entity.cpp in Sources */ = {isa = PBXBuildFile; fileRef = B95BD9D32CC2F1D70048D076 /* Entity.cpp */; };
		B95BD9E02CC2F2720048D076 /* ShaderProgram.cpp in Sources */ = {isa = PBXBuildFile; fileRef = B95BD9DF2CC2F2720048D076 /* ShaderProgram.cpp */; };
		B9874B402CB07BA900DAAC89 /* main.cpp in Sources */ = {isa = PBXBuildFile; fileRef = B9874B3F2CB07BA900DAAC89 /* main.cpp */; };
		B9874B4E2CB07CF600DAAC89 /* OpenGL.framework in Frameworks */ = {isa = PBXBuildFile; fileRef = B9874B4D2CB07CF600DAAC89 /* OpenGL.framework */; };
		B9874B502CB07CFC00DAAC89 /* Cocoa.framework in Frameworks */ = {isa = PBXBuildFile; fileRef = B9874B4F2CB07CFC00DAAC89 /* Cocoa.framework */; };
		B9874B542CB07D1000DAAC89 /* SDL2.framework in Frameworks */ = {isa = PBXBuildFile; fileRef = B9874B512CB07D1000DAAC89 /* SDL2.framework */; };
		B9874B552CB07D1000DAAC89 /* SDL2_image.framework in Frameworks */ = {isa = PBXBuildFile; fileRef = B9874B522CB07D1000DAAC89 /* SDL2_image.framework */; };
		B9874B562CB07D1000DAAC89 /* SDL2_mixer.framework in Frameworks */ = {isa = PBXBuildFile; fileRef = B9874B532CB07D1000DAAC89 /* SDL2_mixer.framework */; };
		B9874B572CB07D3900DAAC89 /* shaders in CopyFiles */ = {isa = PBXBuildFile; fileRef = B9874B492CB07C8900DAAC89 /* shaders */; };
		B9AC3F162CDBFCDA00FCC16B /* Map.cpp in Sources */ = {isa = PBXBuildFile; fileRef = B9AC3F142CDBFCDA00FCC16B /* Map.cpp */; };
/* End PBXBuildFile section */

/* Begin PBXCopyFilesBuildPhase section */
		B9874B3A2CB07BA900DAAC89 /* CopyFiles */ = {
			isa = PBXCopyFilesBuildPhase;
			buildActionMask = 12;
			dstPath = "";
			dstSubfolderSpec = 6;
			files = (
				B9874B572CB07D3900DAAC89 /* shaders in CopyFiles */,
				B95B469D2CEE8DFF00F0B96B /* mario-castle-tileset.png in CopyFiles */,
				B95B469F2CEE8DFF00F0B96B /* lightning.png in CopyFiles */,
			);
			runOnlyForDeploymentPostprocessing = 0;
		};
/* End PBXCopyFilesBuildPhase section */

/* Begin PBXFileReference section */
		B95B46842CEE899000F0B96B /* Utility.cpp */ = {isa = PBXFileReference; lastKnownFileType = sourcecode.cpp.cpp; path = Utility.cpp; sourceTree = "<group>"; };
		B95B46862CEE89A300F0B96B /* Utility.h */ = {isa = PBXFileReference; lastKnownFileType = sourcecode.c.h; path = Utility.h; sourceTree = "<group>"; };
		B95B46882CEE89CD00F0B96B /* Scene.h */ = {isa = PBXFileReference; lastKnownFileType = sourcecode.c.h; path = Scene.h; sourceTree = "<group>"; };
		B95B46892CEE89E400F0B96B /* Scene.cpp */ = {isa = PBXFileReference; lastKnownFileType = sourcecode.cpp.cpp; path = Scene.cpp; sourceTree = "<group>"; };
		B95B468B2CEE8A2100F0B96B /* LevelA.h */ = {isa = PBXFileReference; lastKnownFileType = sourcecode.c.h; path = LevelA.h; sourceTree = "<group>"; };
		B95B468C2CEE8A2F00F0B96B /* LevelA.cpp */ = {isa = PBXFileReference; lastKnownFileType = sourcecode.cpp.cpp; path = LevelA.cpp; sourceTree = "<group>"; };
		B95B468E2CEE8A3F00F0B96B /* LevelB.h */ = {isa = PBXFileReference; lastKnownFileType = sourcecode.c.h; path = LevelB.h; sourceTree = "<group>"; };
		B95B468F2CEE8A4B00F0B96B /* LevelB.cpp */ = {isa = PBXFileReference; lastKnownFileType = sourcecode.cpp.cpp; path = LevelB.cpp; sourceTree = "<group>"; };
		B95B469A2CEE8DFF00F0B96B /* mario-castle-tileset.png */ = {isa = PBXFileReference; lastKnownFileType = image.png; path = "mario-castle-tileset.png"; sourceTree = "<group>"; };
		B95B469B2CEE8DFF00F0B96B /* pichu.png */ = {isa = PBXFileReference; lastKnownFileType = image.png; path = pichu.png; sourceTree = "<group>"; };
		B95B469C2CEE8DFF00F0B96B /* lightning.png */ = {isa = PBXFileReference; lastKnownFileType = image.png; path = lightning.png; sourceTree = "<group>"; };
		B95B46A42CEE8E6000F0B96B /* assets */ = {isa = PBXFileReference; lastKnownFileType = folder; path = assets; sourceTree = "<group>"; };
		B95B46B72CEFE37500F0B96B /* LevelC.h */ = {isa = PBXFileReference; lastKnownFileType = sourcecode.c.h; path = LevelC.h; sourceTree = "<group>"; };
		B95B46B82CEFE38800F0B96B /* LevelC.cpp */ = {isa = PBXFileReference; lastKnownFileType = sourcecode.cpp.cpp; path = LevelC.cpp; sourceTree = "<group>"; };
		B95B46BC2CEFE78B00F0B96B /* Start.h */ = {isa = PBXFileReference; lastKnownFileType = sourcecode.c.h; path = Start.h; sourceTree = "<group>"; };
		B95B46BD2CEFE7A800F0B96B /* Start.cpp */ = {isa = PBXFileReference; lastKnownFileType = sourcecode.cpp.cpp; path = Start.cpp; sourceTree = "<group>"; };
		B95BD9D32CC2F1D70048D076 /* Entity.cpp */ = {isa = PBXFileReference; fileEncoding = 4; lastKnownFileType = sourcecode.cpp.cpp; path = Entity.cpp; sourceTree = "<group>"; };
		B95BD9D42CC2F1D70048D076 /* Entity.h */ = {isa = PBXFileReference; fileEncoding = 4; lastKnownFileType = sourcecode.c.h; path = Entity.h; sourceTree = "<group>"; };
		B95BD9DF2CC2F2720048D076 /* ShaderProgram.cpp */ = {isa = PBXFileReference; lastKnownFileType = sourcecode.cpp.cpp; path = ShaderProgram.cpp; sourceTree = "<group>"; };
		B9874B3C2CB07BA900DAAC89 /* ex1 */ = {isa = PBXFileReference; explicitFileType = "compiled.mach-o.executable"; includeInIndex = 0; path = ex1; sourceTree = BUILT_PRODUCTS_DIR; };
		B9874B3F2CB07BA900DAAC89 /* main.cpp */ = {isa = PBXFileReference; lastKnownFileType = sourcecode.cpp.cpp; path = main.cpp; sourceTree = "<group>"; };
		B9874B472CB07C8800DAAC89 /* stb_image.h */ = {isa = PBXFileReference; fileEncoding = 4; lastKnownFileType = sourcecode.c.h; path = stb_image.h; sourceTree = "<group>"; };
		B9874B482CB07C8900DAAC89 /* ShaderProgram.h */ = {isa = PBXFileReference; fileEncoding = 4; lastKnownFileType = sourcecode.c.h; path = ShaderProgram.h; sourceTree = "<group>"; };
		B9874B492CB07C8900DAAC89 /* shaders */ = {isa = PBXFileReference; lastKnownFileType = folder; path = shaders; sourceTree = "<group>"; };
		B9874B4A2CB07C8900DAAC89 /* glm */ = {isa = PBXFileReference; lastKnownFileType = folder; path = glm; sourceTree = "<group>"; };
		B9874B4D2CB07CF600DAAC89 /* OpenGL.framework */ = {isa = PBXFileReference; lastKnownFileType = wrapper.framework; name = OpenGL.framework; path = System/Library/Frameworks/OpenGL.framework; sourceTree = SDKROOT; };
		B9874B4F2CB07CFC00DAAC89 /* Cocoa.framework */ = {isa = PBXFileReference; lastKnownFileType = wrapper.framework; name = Cocoa.framework; path = System/Library/Frameworks/Cocoa.framework; sourceTree = SDKROOT; };
		B9874B512CB07D1000DAAC89 /* SDL2.framework */ = {isa = PBXFileReference; lastKnownFileType = wrapper.framework; name = SDL2.framework; path = ../../../../../../../Library/Frameworks/SDL2.framework; sourceTree = "<group>"; };
		B9874B522CB07D1000DAAC89 /* SDL2_image.framework */ = {isa = PBXFileReference; lastKnownFileType = wrapper.framework; name = SDL2_image.framework; path = ../../../../../../../Library/Frameworks/SDL2_image.framework; sourceTree = "<group>"; };
		B9874B532CB07D1000DAAC89 /* SDL2_mixer.framework */ = {isa = PBXFileReference; lastKnownFileType = wrapper.framework; name = SDL2_mixer.framework; path = ../../../../../../../Library/Frameworks/SDL2_mixer.framework; sourceTree = "<group>"; };
		B9AC3F142CDBFCDA00FCC16B /* Map.cpp */ = {isa = PBXFileReference; fileEncoding = 4; lastKnownFileType = sourcecode.cpp.cpp; path = Map.cpp; sourceTree = "<group>"; };
		B9AC3F152CDBFCDA00FCC16B /* Map.h */ = {isa = PBXFileReference; fileEncoding = 4; lastKnownFileType = sourcecode.c.h; path = Map.h; sourceTree = "<group>"; };
/* End PBXFileReference section */

/* Begin PBXFrameworksBuildPhase section */
		B9874B392CB07BA900DAAC89 /* Frameworks */ = {
			isa = PBXFrameworksBuildPhase;
			buildActionMask = 2147483647;
			files = (
				B9874B542CB07D1000DAAC89 /* SDL2.framework in Frameworks */,
				B9874B552CB07D1000DAAC89 /* SDL2_image.framework in Frameworks */,
				B9874B562CB07D1000DAAC89 /* SDL2_mixer.framework in Frameworks */,
				B9874B502CB07CFC00DAAC89 /* Cocoa.framework in Frameworks */,
				B9874B4E2CB07CF600DAAC89 /* OpenGL.framework in Frameworks */,
			);
			runOnlyForDeploymentPostprocessing = 0;
		};
/* End PBXFrameworksBuildPhase section */

/* Begin PBXGroup section */
		B95B46A32CEE8E4D00F0B96B /* assets */ = {
			isa = PBXGroup;
			children = (
				B95B469C2CEE8DFF00F0B96B /* lightning.png */,
				B95B469A2CEE8DFF00F0B96B /* mario-castle-tileset.png */,
				B95B469B2CEE8DFF00F0B96B /* pichu.png */,
			);
			path = assets;
			sourceTree = "<group>";
		};
		B9874B332CB07BA900DAAC89 = {
			isa = PBXGroup;
			children = (
				B9874B3E2CB07BA900DAAC89 /* ex1 */,
				B95B46A32CEE8E4D00F0B96B /* assets */,
				B9874B3D2CB07BA900DAAC89 /* Products */,
				B9874B4C2CB07CF600DAAC89 /* Frameworks */,
			);
			sourceTree = "<group>";
		};
		B9874B3D2CB07BA900DAAC89 /* Products */ = {
			isa = PBXGroup;
			children = (
				B9874B3C2CB07BA900DAAC89 /* ex1 */,
			);
			name = Products;
			sourceTree = "<group>";
		};
		B9874B3E2CB07BA900DAAC89 /* ex1 */ = {
			isa = PBXGroup;
			children = (
				B9874B482CB07C8900DAAC89 /* ShaderProgram.h */,
				B9874B472CB07C8800DAAC89 /* stb_image.h */,
				B95BD9DF2CC2F2720048D076 /* ShaderProgram.cpp */,
				B95BD9D42CC2F1D70048D076 /* Entity.h */,
				B95B46882CEE89CD00F0B96B /* Scene.h */,
				B95B46892CEE89E400F0B96B /* Scene.cpp */,
				B9AC3F142CDBFCDA00FCC16B /* Map.cpp */,
				B95B46842CEE899000F0B96B /* Utility.cpp */,
				B95B46862CEE89A300F0B96B /* Utility.h */,
				B9AC3F152CDBFCDA00FCC16B /* Map.h */,
				B9874B3F2CB07BA900DAAC89 /* main.cpp */,
				B95BD9D32CC2F1D70048D076 /* Entity.cpp */,
				B95B468B2CEE8A2100F0B96B /* LevelA.h */,
				B95B46BC2CEFE78B00F0B96B /* Start.h */,
				B95B468C2CEE8A2F00F0B96B /* LevelA.cpp */,
				B95B46BD2CEFE7A800F0B96B /* Start.cpp */,
				B95B468E2CEE8A3F00F0B96B /* LevelB.h */,
				B95B46B72CEFE37500F0B96B /* LevelC.h */,
				B95B468F2CEE8A4B00F0B96B /* LevelB.cpp */,
				B95B46B82CEFE38800F0B96B /* LevelC.cpp */,
				B95B46A42CEE8E6000F0B96B /* assets */,
				B9874B4A2CB07C8900DAAC89 /* glm */,
				B9874B492CB07C8900DAAC89 /* shaders */,
			);
			path = ex1;
			sourceTree = "<group>";
		};
		B9874B4C2CB07CF600DAAC89 /* Frameworks */ = {
			isa = PBXGroup;
			children = (
				B9874B522CB07D1000DAAC89 /* SDL2_image.framework */,
				B9874B532CB07D1000DAAC89 /* SDL2_mixer.framework */,
				B9874B512CB07D1000DAAC89 /* SDL2.framework */,
				B9874B4F2CB07CFC00DAAC89 /* Cocoa.framework */,
				B9874B4D2CB07CF600DAAC89 /* OpenGL.framework */,
			);
			name = Frameworks;
			sourceTree = "<group>";
		};
/* End PBXGroup section */

/* Begin PBXNativeTarget section */
		B9874B3B2CB07BA900DAAC89 /* ex1 */ = {
			isa = PBXNativeTarget;
			buildConfigurationList = B9874B432CB07BA900DAAC89 /* Build configuration list for PBXNativeTarget "ex1" */;
			buildPhases = (
				B9874B382CB07BA900DAAC89 /* Sources */,
				B9874B392CB07BA900DAAC89 /* Frameworks */,
				B9874B3A2CB07BA900DAAC89 /* CopyFiles */,
			);
			buildRules = (
			);
			dependencies = (
			);
			name = ex1;
			productName = ex1;
			productReference = B9874B3C2CB07BA900DAAC89 /* ex1 */;
			productType = "com.apple.product-type.tool";
		};
/* End PBXNativeTarget section */

/* Begin PBXProject section */
		B9874B342CB07BA900DAAC89 /* Project object */ = {
			isa = PBXProject;
			attributes = {
				BuildIndependentTargetsInParallel = 1;
				LastUpgradeCheck = 1540;
				TargetAttributes = {
					B9874B3B2CB07BA900DAAC89 = {
						CreatedOnToolsVersion = 15.4;
					};
				};
			};
			buildConfigurationList = B9874B372CB07BA900DAAC89 /* Build configuration list for PBXProject "ex1" */;
			compatibilityVersion = "Xcode 14.0";
			developmentRegion = en;
			hasScannedForEncodings = 0;
			knownRegions = (
				en,
				Base,
			);
			mainGroup = B9874B332CB07BA900DAAC89;
			productRefGroup = B9874B3D2CB07BA900DAAC89 /* Products */;
			projectDirPath = "";
			projectRoot = "";
			targets = (
				B9874B3B2CB07BA900DAAC89 /* ex1 */,
			);
		};
/* End PBXProject section */

/* Begin PBXSourcesBuildPhase section */
		B9874B382CB07BA900DAAC89 /* Sources */ = {
			isa = PBXSourcesBuildPhase;
			buildActionMask = 2147483647;
			files = (
				B95B468A2CEE89E600F0B96B /* Scene.cpp in Sources */,
				B95BD9E02CC2F2720048D076 /* ShaderProgram.cpp in Sources */,
				B95B46BE2CEFE7AA00F0B96B /* Start.cpp in Sources */,
				B95B46B92CEFE38A00F0B96B /* LevelC.cpp in Sources */,
				B9874B402CB07BA900DAAC89 /* main.cpp in Sources */,
				B95B46852CEE899500F0B96B /* Utility.cpp in Sources */,
				B95B468D2CEE8A3100F0B96B /* LevelA.cpp in Sources */,
				B95B46902CEE8A4D00F0B96B /* LevelB.cpp in Sources */,
				B9AC3F162CDBFCDA00FCC16B /* Map.cpp in Sources */,
				B95BD9D52CC2F1D70048D076 /* Entity.cpp in Sources */,
			);
			runOnlyForDeploymentPostprocessing = 0;
		};
/* End PBXSourcesBuildPhase section */

/* Begin XCBuildConfiguration section */
		B9874B412CB07BA900DAAC89 /* Debug */ = {
			isa = XCBuildConfiguration;
			buildSettings = {
				ALWAYS_SEARCH_USER_PATHS = NO;
				ASSETCATALOG_COMPILER_GENERATE_SWIFT_ASSET_SYMBOL_EXTENSIONS = YES;
				CLANG_ANALYZER_NONNULL = YES;
				CLANG_ANALYZER_NUMBER_OBJECT_CONVERSION = YES_AGGRESSIVE;
				CLANG_CXX_LANGUAGE_STANDARD = "gnu++20";
				CLANG_ENABLE_MODULES = YES;
				CLANG_ENABLE_OBJC_ARC = YES;
				CLANG_ENABLE_OBJC_WEAK = YES;
				CLANG_WARN_BLOCK_CAPTURE_AUTORELEASING = YES;
				CLANG_WARN_BOOL_CONVERSION = YES;
				CLANG_WARN_COMMA = YES;
				CLANG_WARN_CONSTANT_CONVERSION = YES;
				CLANG_WARN_DEPRECATED_OBJC_IMPLEMENTATIONS = YES;
				CLANG_WARN_DIRECT_OBJC_ISA_USAGE = YES_ERROR;
				CLANG_WARN_DOCUMENTATION_COMMENTS = YES;
				CLANG_WARN_EMPTY_BODY = YES;
				CLANG_WARN_ENUM_CONVERSION = YES;
				CLANG_WARN_INFINITE_RECURSION = YES;
				CLANG_WARN_INT_CONVERSION = YES;
				CLANG_WARN_NON_LITERAL_NULL_CONVERSION = YES;
				CLANG_WARN_OBJC_IMPLICIT_RETAIN_SELF = YES;
				CLANG_WARN_OBJC_LITERAL_CONVERSION = YES;
				CLANG_WARN_OBJC_ROOT_CLASS = YES_ERROR;
				CLANG_WARN_QUOTED_INCLUDE_IN_FRAMEWORK_HEADER = YES;
				CLANG_WARN_RANGE_LOOP_ANALYSIS = YES;
				CLANG_WARN_STRICT_PROTOTYPES = YES;
				CLANG_WARN_SUSPICIOUS_MOVE = YES;
				CLANG_WARN_UNGUARDED_AVAILABILITY = YES_AGGRESSIVE;
				CLANG_WARN_UNREACHABLE_CODE = YES;
				CLANG_WARN__DUPLICATE_METHOD_MATCH = YES;
				COPY_PHASE_STRIP = NO;
				DEBUG_INFORMATION_FORMAT = dwarf;
				ENABLE_STRICT_OBJC_MSGSEND = YES;
				ENABLE_TESTABILITY = YES;
				ENABLE_USER_SCRIPT_SANDBOXING = YES;
				GCC_C_LANGUAGE_STANDARD = gnu17;
				GCC_DYNAMIC_NO_PIC = NO;
				GCC_NO_COMMON_BLOCKS = YES;
				GCC_OPTIMIZATION_LEVEL = 0;
				GCC_PREPROCESSOR_DEFINITIONS = (
					"DEBUG=1",
					"$(inherited)",
				);
				GCC_WARN_64_TO_32_BIT_CONVERSION = YES;
				GCC_WARN_ABOUT_RETURN_TYPE = YES_ERROR;
				GCC_WARN_UNDECLARED_SELECTOR = YES;
				GCC_WARN_UNINITIALIZED_AUTOS = YES_AGGRESSIVE;
				GCC_WARN_UNUSED_FUNCTION = YES;
				GCC_WARN_UNUSED_VARIABLE = YES;
				LOCALIZATION_PREFERS_STRING_CATALOGS = YES;
				MACOSX_DEPLOYMENT_TARGET = 14.2;
				MTL_ENABLE_DEBUG_INFO = INCLUDE_SOURCE;
				MTL_FAST_MATH = YES;
				ONLY_ACTIVE_ARCH = YES;
				SDKROOT = macosx;
			};
			name = Debug;
		};
		B9874B422CB07BA900DAAC89 /* Release */ = {
			isa = XCBuildConfiguration;
			buildSettings = {
				ALWAYS_SEARCH_USER_PATHS = NO;
				ASSETCATALOG_COMPILER_GENERATE_SWIFT_ASSET_SYMBOL_EXTENSIONS = YES;
				CLANG_ANALYZER_NONNULL = YES;
				CLANG_ANALYZER_NUMBER_OBJECT_CONVERSION = YES_AGGRESSIVE;
				CLANG_CXX_LANGUAGE_STANDARD = "gnu++20";
				CLANG_ENABLE_MODULES = YES;
				CLANG_ENABLE_OBJC_ARC = YES;
				CLANG_ENABLE_OBJC_WEAK = YES;
				CLANG_WARN_BLOCK_CAPTURE_AUTORELEASING = YES;
				CLANG_WARN_BOOL_CONVERSION = YES;
				CLANG_WARN_COMMA = YES;
				CLANG_WARN_CONSTANT_CONVERSION = YES;
				CLANG_WARN_DEPRECATED_OBJC_IMPLEMENTATIONS = YES;
				CLANG_WARN_DIRECT_OBJC_ISA_USAGE = YES_ERROR;
				CLANG_WARN_DOCUMENTATION_COMMENTS = YES;
				CLANG_WARN_EMPTY_BODY = YES;
				CLANG_WARN_ENUM_CONVERSION = YES;
				CLANG_WARN_INFINITE_RECURSION = YES;
				CLANG_WARN_INT_CONVERSION = YES;
				CLANG_WARN_NON_LITERAL_NULL_CONVERSION = YES;
				CLANG_WARN_OBJC_IMPLICIT_RETAIN_SELF = YES;
				CLANG_WARN_OBJC_LITERAL_CONVERSION = YES;
				CLANG_WARN_OBJC_ROOT_CLASS = YES_ERROR;
				CLANG_WARN_QUOTED_INCLUDE_IN_FRAMEWORK_HEADER = YES;
				CLANG_WARN_RANGE_LOOP_ANALYSIS = YES;
				CLANG_WARN_STRICT_PROTOTYPES = YES;
				CLANG_WARN_SUSPICIOUS_MOVE = YES;
				CLANG_WARN_UNGUARDED_AVAILABILITY = YES_AGGRESSIVE;
				CLANG_WARN_UNREACHABLE_CODE = YES;
				CLANG_WARN__DUPLICATE_METHOD_MATCH = YES;
				COPY_PHASE_STRIP = NO;
				DEBUG_INFORMATION_FORMAT = "dwarf-with-dsym";
				ENABLE_NS_ASSERTIONS = NO;
				ENABLE_STRICT_OBJC_MSGSEND = YES;
				ENABLE_USER_SCRIPT_SANDBOXING = YES;
				GCC_C_LANGUAGE_STANDARD = gnu17;
				GCC_NO_COMMON_BLOCKS = YES;
				GCC_WARN_64_TO_32_BIT_CONVERSION = YES;
				GCC_WARN_ABOUT_RETURN_TYPE = YES_ERROR;
				GCC_WARN_UNDECLARED_SELECTOR = YES;
				GCC_WARN_UNINITIALIZED_AUTOS = YES_AGGRESSIVE;
				GCC_WARN_UNUSED_FUNCTION = YES;
				GCC_WARN_UNUSED_VARIABLE = YES;
				LOCALIZATION_PREFERS_STRING_CATALOGS = YES;
				MACOSX_DEPLOYMENT_TARGET = 14.2;
				MTL_ENABLE_DEBUG_INFO = NO;
				MTL_FAST_MATH = YES;
				SDKROOT = macosx;
			};
			name = Release;
		};
		B9874B442CB07BA900DAAC89 /* Debug */ = {
			isa = XCBuildConfiguration;
			buildSettings = {
				CODE_SIGN_STYLE = Automatic;
				FRAMEWORK_SEARCH_PATHS = (
					"$(inherited)",
					"$(LOCAL_LIBRARY_DIR)/Frameworks",
				);
				HEADER_SEARCH_PATHS = (
					/Library/Frameworks/SDL2.framework/Versions/A/Headers,
					/Library/Frameworks/SDL2_image.framework/Versions/A/Headers,
					/Library/Frameworks/SDL2_mixer.framework/Versions/A/Headers,
				);
				PRODUCT_NAME = "$(TARGET_NAME)";
			};
			name = Debug;
		};
		B9874B452CB07BA900DAAC89 /* Release */ = {
			isa = XCBuildConfiguration;
			buildSettings = {
				CODE_SIGN_STYLE = Automatic;
				FRAMEWORK_SEARCH_PATHS = (
					"$(inherited)",
					"$(LOCAL_LIBRARY_DIR)/Frameworks",
				);
				HEADER_SEARCH_PATHS = (
					/Library/Frameworks/SDL2.framework/Versions/A/Headers,
					/Library/Frameworks/SDL2_image.framework/Versions/A/Headers,
					/Library/Frameworks/SDL2_mixer.framework/Versions/A/Headers,
				);
				PRODUCT_NAME = "$(TARGET_NAME)";
			};
			name = Release;
		};
/* End XCBuildConfiguration section */

/* Begin XCConfigurationList section */
		B9874B372CB07BA900DAAC89 /* Build configuration list for PBXProject "ex1" */ = {
			isa = XCConfigurationList;
			buildConfigurations = (
				B9874B412CB07BA900DAAC89 /* Debug */,
				B9874B422CB07BA900DAAC89 /* Release */,
			);
			defaultConfigurationIsVisible = 0;
			defaultConfigurationName = Release;
		};
		B9874B432CB07BA900DAAC89 /* Build configuration list for PBXNativeTarget "ex1" */ = {
			isa = XCConfigurationList;
			buildConfigurations = (
				B9874B442CB07BA900DAAC89 /* Debug */,
				B9874B452CB07BA900DAAC89 /* Release */,
			);
			defaultConfigurationIsVisible = 0;
			defaultConfigurationName = Release;
		};
/* End XCConfigurationList section */
	};
	rootObject = B9874B342CB07BA900DAAC89 /* Project object */;
}
